
Microsoft Visual Studio Solution File, Format Version 12.00
# Visual Studio Version 17
VisualStudioVersion = 17.5.33516.290
MinimumVisualStudioVersion = 10.0.40219.1
Project("{FAE04EC0-301F-11D3-BF4B-00C04F79EFBC}") = "grade_average_calculator", "grade_average_calculator\grade_average_calculator.csproj", "{F023ADD0-46A0-4609-B132-525DC682668A}"
EndProject
Global
	GlobalSection(SolutionConfigurationPlatforms) = preSolution
		Debug|Any CPU = Debug|Any CPU
		Release|Any CPU = Release|Any CPU
	EndGlobalSection
	GlobalSection(ProjectConfigurationPlatforms) = postSolution
		{F023ADD0-46A0-4609-B132-525DC682668A}.Debug|Any CPU.ActiveCfg = Debug|Any CPU
		{F023ADD0-46A0-4609-B132-525DC682668A}.Debug|Any CPU.Build.0 = Debug|Any CPU
		{F023ADD0-46A0-4609-B132-525DC682668A}.Release|Any CPU.ActiveCfg = Release|Any CPU
		{F023ADD0-46A0-4609-B132-525DC682668A}.Release|Any CPU.Build.0 = Release|Any CPU
	EndGlobalSection
	GlobalSection(SolutionProperties) = preSolution
		HideSolutionNode = FALSE
	EndGlobalSection
	GlobalSection(ExtensibilityGlobals) = postSolution
		SolutionGuid = {127ED2C2-8B51-4B50-A820-4823DB7105C8}
	EndGlobalSection
EndGlobal
